
Microsoft Visual Studio Solution File, Format Version 12.00
# Visual Studio Version 17
VisualStudioVersion = 17.10.35122.118
MinimumVisualStudioVersion = 10.0.40219.1
Project("{FAE04EC0-301F-11D3-BF4B-00C04F79EFBC}") = "Bte32-Homework1.0", "Bte32-Homework1.0.csproj", "{1CB14432-6E5A-41A5-A0C9-BBBA592F655C}"
EndProject
Global
	GlobalSection(SolutionConfigurationPlatforms) = preSolution
		Debug|Any CPU = Debug|Any CPU
		Release|Any CPU = Release|Any CPU
	EndGlobalSection
	GlobalSection(ProjectConfigurationPlatforms) = postSolution
		{1CB14432-6E5A-41A5-A0C9-BBBA592F655C}.Debug|Any CPU.ActiveCfg = Debug|Any CPU
		{1CB14432-6E5A-41A5-A0C9-BBBA592F655C}.Debug|Any CPU.Build.0 = Debug|Any CPU
		{1CB14432-6E5A-41A5-A0C9-BBBA592F655C}.Release|Any CPU.ActiveCfg = Release|Any CPU
		{1CB14432-6E5A-41A5-A0C9-BBBA592F655C}.Release|Any CPU.Build.0 = Release|Any CPU
	EndGlobalSection
	GlobalSection(SolutionProperties) = preSolution
		HideSolutionNode = FALSE
	EndGlobalSection
	GlobalSection(ExtensibilityGlobals) = postSolution
		SolutionGuid = {9F7BE173-4060-4F16-89FE-78407C4A038D}
	EndGlobalSection
EndGlobal
